
Microsoft Visual Studio Solution File, Format Version 12.00
# Visual Studio Version 17
VisualStudioVersion = 17.2.32516.85
MinimumVisualStudioVersion = 10.0.40219.1
Project("{FAE04EC0-301F-11D3-BF4B-00C04F79EFBC}") = "aspnetframework", "aspnetframework\aspnetframework.csproj", "{8B55C85E-3979-4731-A5DD-F46D08B3E917}"
EndProject
Project("{FAE04EC0-301F-11D3-BF4B-00C04F79EFBC}") = "common", "common\common.csproj", "{2E3B92B4-274B-44E8-9EA3-41ACBFC21917}"
EndProject
Project("{FAE04EC0-301F-11D3-BF4B-00C04F79EFBC}") = "aspnetcore", "aspnetcore\aspnetcore.csproj", "{05FC28D5-5155-4BEB-AF7B-2DF5D67B0DB8}"
EndProject
Global
	GlobalSection(SolutionConfigurationPlatforms) = preSolution
		Debug|Any CPU = Debug|Any CPU
		Release|Any CPU = Release|Any CPU
	EndGlobalSection
	GlobalSection(ProjectConfigurationPlatforms) = postSolution
		{8B55C85E-3979-4731-A5DD-F46D08B3E917}.Debug|Any CPU.ActiveCfg = Debug|Any CPU
		{8B55C85E-3979-4731-A5DD-F46D08B3E917}.Debug|Any CPU.Build.0 = Debug|Any CPU
		{8B55C85E-3979-4731-A5DD-F46D08B3E917}.Release|Any CPU.ActiveCfg = Release|Any CPU
		{8B55C85E-3979-4731-A5DD-F46D08B3E917}.Release|Any CPU.Build.0 = Release|Any CPU
		{2E3B92B4-274B-44E8-9EA3-41ACBFC21917}.Debug|Any CPU.ActiveCfg = Debug|Any CPU
		{2E3B92B4-274B-44E8-9EA3-41ACBFC21917}.Debug|Any CPU.Build.0 = Debug|Any CPU
		{2E3B92B4-274B-44E8-9EA3-41ACBFC21917}.Release|Any CPU.ActiveCfg = Release|Any CPU
		{2E3B92B4-274B-44E8-9EA3-41ACBFC21917}.Release|Any CPU.Build.0 = Release|Any CPU
		{05FC28D5-5155-4BEB-AF7B-2DF5D67B0DB8}.Debug|Any CPU.ActiveCfg = Debug|Any CPU
		{05FC28D5-5155-4BEB-AF7B-2DF5D67B0DB8}.Debug|Any CPU.Build.0 = Debug|Any CPU
		{05FC28D5-5155-4BEB-AF7B-2DF5D67B0DB8}.Release|Any CPU.ActiveCfg = Release|Any CPU
		{05FC28D5-5155-4BEB-AF7B-2DF5D67B0DB8}.Release|Any CPU.Build.0 = Release|Any CPU
	EndGlobalSection
	GlobalSection(SolutionProperties) = preSolution
		HideSolutionNode = FALSE
	EndGlobalSection
	GlobalSection(ExtensibilityGlobals) = postSolution
		SolutionGuid = {15022F23-8DD3-4CA1-8477-79C23DDB4178}
	EndGlobalSection
EndGlobal
